
Microsoft Visual Studio Solution File, Format Version 12.00
# Visual Studio Version 17
VisualStudioVersion = 17.6.33801.468
MinimumVisualStudioVersion = 10.0.40219.1
Project("{FAE04EC0-301F-11D3-BF4B-00C04F79EFBC}") = "PassportAPI", "PassportAPI.csproj", "{B9625637-4418-4220-943D-C3DF59DB989A}"
EndProject
Global
	GlobalSection(SolutionConfigurationPlatforms) = preSolution
		Debug|Any CPU = Debug|Any CPU
		Release|Any CPU = Release|Any CPU
	EndGlobalSection
	GlobalSection(ProjectConfigurationPlatforms) = postSolution
		{B9625637-4418-4220-943D-C3DF59DB989A}.Debug|Any CPU.ActiveCfg = Debug|Any CPU
		{B9625637-4418-4220-943D-C3DF59DB989A}.Debug|Any CPU.Build.0 = Debug|Any CPU
		{B9625637-4418-4220-943D-C3DF59DB989A}.Release|Any CPU.ActiveCfg = Release|Any CPU
		{B9625637-4418-4220-943D-C3DF59DB989A}.Release|Any CPU.Build.0 = Release|Any CPU
	EndGlobalSection
	GlobalSection(SolutionProperties) = preSolution
		HideSolutionNode = FALSE
	EndGlobalSection
	GlobalSection(ExtensibilityGlobals) = postSolution
		SolutionGuid = {BDBE5D70-71A1-471A-90EF-287F02974CE0}
	EndGlobalSection
EndGlobal
